{
  "name": "industry-project-2-ecommerce-frontend",
  "lockfileVersion": 3,
  "requires": true,
  "packages": {
    "node_modules/jotai": {
      "version": "2.11.2",
      "resolved": "https://registry.npmjs.org/jotai/-/jotai-2.11.2.tgz",
      "integrity": "sha512-H3xOvsdqjBJnXTvpgAWfff2y1B3wabi1iSA6FFd0FrLaM4ENsRJd+RJQtkNhY4PZgvAODa4PQhau9dheK+pUkw==",
      "engines": {
        "node": ">=12.20.0"
      },
      "peerDependencies": {
        "@types/react": ">=17.0.0",
        "react": ">=17.0.0"
      },
      "peerDependenciesMeta": {
        "@types/react": {
          "optional": true
        },
        "react": {
          "optional": true
        }
      }
    }
  }
}
